
Microsoft Visual Studio Solution File, Format Version 12.00
# Visual Studio 15
VisualStudioVersion = 15.0.27703.2000
MinimumVisualStudioVersion = 10.0.40219.1
Project("{FAE04EC0-301F-11D3-BF4B-00C04F79EFBC}") = "WpfApp1", "WpfApp1\WpfApp1.csproj", "{C68243E9-A033-4CC9-A9FE-EB485575C76C}"
EndProject
Global
	GlobalSection(SolutionConfigurationPlatforms) = preSolution
		Debug|Any CPU = Debug|Any CPU
		Release|Any CPU = Release|Any CPU
	EndGlobalSection
	GlobalSection(ProjectConfigurationPlatforms) = postSolution
		{C68243E9-A033-4CC9-A9FE-EB485575C76C}.Debug|Any CPU.ActiveCfg = Debug|Any CPU
		{C68243E9-A033-4CC9-A9FE-EB485575C76C}.Debug|Any CPU.Build.0 = Debug|Any CPU
		{C68243E9-A033-4CC9-A9FE-EB485575C76C}.Release|Any CPU.ActiveCfg = Release|Any CPU
		{C68243E9-A033-4CC9-A9FE-EB485575C76C}.Release|Any CPU.Build.0 = Release|Any CPU
	EndGlobalSection
	GlobalSection(SolutionProperties) = preSolution
		HideSolutionNode = FALSE
	EndGlobalSection
	GlobalSection(ExtensibilityGlobals) = postSolution
		SolutionGuid = {F7E2E37E-7E35-4CD6-853E-3CBD7E5F8282}
	EndGlobalSection
EndGlobal
